
Microsoft Visual Studio Solution File, Format Version 12.00
# Visual Studio Version 16
VisualStudioVersion = 16.0.31624.102
MinimumVisualStudioVersion = 10.0.40219.1
Project("{8BC9CEB8-8B4A-11D0-8D11-00A0C91BC942}") = "OOP_lab1", "OOP_lab1\OOP_lab1.vcxproj", "{532F9CD7-FED2-4A86-B82B-EA8F1E3E9FAF}"
EndProject
Global
	GlobalSection(SolutionConfigurationPlatforms) = preSolution
		Debug|x64 = Debug|x64
		Debug|x86 = Debug|x86
		Release|x64 = Release|x64
		Release|x86 = Release|x86
	EndGlobalSection
	GlobalSection(ProjectConfigurationPlatforms) = postSolution
		{532F9CD7-FED2-4A86-B82B-EA8F1E3E9FAF}.Debug|x64.ActiveCfg = Debug|x64
		{532F9CD7-FED2-4A86-B82B-EA8F1E3E9FAF}.Debug|x64.Build.0 = Debug|x64
		{532F9CD7-FED2-4A86-B82B-EA8F1E3E9FAF}.Debug|x86.ActiveCfg = Debug|Win32
		{532F9CD7-FED2-4A86-B82B-EA8F1E3E9FAF}.Debug|x86.Build.0 = Debug|Win32
		{532F9CD7-FED2-4A86-B82B-EA8F1E3E9FAF}.Release|x64.ActiveCfg = Release|x64
		{532F9CD7-FED2-4A86-B82B-EA8F1E3E9FAF}.Release|x64.Build.0 = Release|x64
		{532F9CD7-FED2-4A86-B82B-EA8F1E3E9FAF}.Release|x86.ActiveCfg = Release|Win32
		{532F9CD7-FED2-4A86-B82B-EA8F1E3E9FAF}.Release|x86.Build.0 = Release|Win32
	EndGlobalSection
	GlobalSection(SolutionProperties) = preSolution
		HideSolutionNode = FALSE
	EndGlobalSection
	GlobalSection(ExtensibilityGlobals) = postSolution
		SolutionGuid = {C0AF38B9-E475-4F43-81E7-6AF1C09EEE9F}
	EndGlobalSection
EndGlobal
